
Microsoft Visual Studio Solution File, Format Version 12.00
# Visual Studio Version 16
VisualStudioVersion = 16.0.31112.23
MinimumVisualStudioVersion = 10.0.40219.1
Project("{FAE04EC0-301F-11D3-BF4B-00C04F79EFBC}") = "MVCBlog", "MVCBlog\MVCBlog.csproj", "{1123B00F-E1EE-43BE-B0AA-A624ECC98DBC}"
EndProject
Global
	GlobalSection(SolutionConfigurationPlatforms) = preSolution
		Debug|Any CPU = Debug|Any CPU
		Release|Any CPU = Release|Any CPU
	EndGlobalSection
	GlobalSection(ProjectConfigurationPlatforms) = postSolution
		{1123B00F-E1EE-43BE-B0AA-A624ECC98DBC}.Debug|Any CPU.ActiveCfg = Debug|Any CPU
		{1123B00F-E1EE-43BE-B0AA-A624ECC98DBC}.Debug|Any CPU.Build.0 = Debug|Any CPU
		{1123B00F-E1EE-43BE-B0AA-A624ECC98DBC}.Release|Any CPU.ActiveCfg = Release|Any CPU
		{1123B00F-E1EE-43BE-B0AA-A624ECC98DBC}.Release|Any CPU.Build.0 = Release|Any CPU
	EndGlobalSection
	GlobalSection(SolutionProperties) = preSolution
		HideSolutionNode = FALSE
	EndGlobalSection
	GlobalSection(ExtensibilityGlobals) = postSolution
		SolutionGuid = {6FC87909-33B8-4C8F-B154-CFB778452E77}
	EndGlobalSection
	GlobalSection(TeamFoundationVersionControl) = preSolution
		SccNumberOfProjects = 2
		SccEnterpriseProvider = {4CA58AB2-18FA-4F8D-95D4-32DDF27D184C}
		SccTeamFoundationServer = https://dev.azure.com/OmerFarukCelik
		SccLocalPath0 = .
		SccProjectUniqueName1 = MVCBlog\\MVCBlog.csproj
		SccProjectName1 = MVCBlog
		SccLocalPath1 = MVCBlog
	EndGlobalSection
EndGlobal
